# This file is automatically @generated by Poetry 1.8.3 and should not be changed by hand.

[[package]]
name = "capstone"
version = "5.0.1"
description = "Capstone disassembly engine"
optional = false
python-versions = ">=2.7, !=3.0.*, !=3.1.*, !=3.2.*, !=3.3.*"
files = [
    {file = "capstone-5.0.1-py3-none-macosx_10_9_universal2.whl", hash = "sha256:740a70624d3f258cf8503898dbfd968052c008ddd4fc4ab938c7046c8828c294"},
    {file = "capstone-5.0.1-py3-none-manylinux1_i686.manylinux_2_5_i686.whl", hash = "sha256:3f34a949699c298e88d7c9a576a2fd7685dba658a9c432bce826eeb88676cf24"},
    {file = "capstone-5.0.1-py3-none-manylinux1_i686.whl", hash = "sha256:08f16c2782e54d05c95f1d40e1ae0e58e4a57d6a6c3192f8c5ff61476f4130de"},
    {file = "capstone-5.0.1-py3-none-manylinux1_x86_64.manylinux_2_5_x86_64.whl", hash = "sha256:ea8d0be06d2faa39545937fe88db239fd62227915f9744d8990439011c479f05"},
    {file = "capstone-5.0.1-py3-none-manylinux1_x86_64.whl", hash = "sha256:04223a4e5c2374f21da59c5c5a5b90471bfcef5cb938e7b32de68579cf863b7a"},
    {file = "capstone-5.0.1-py3-none-win32.whl", hash = "sha256:4356bdee55639c4448d025dc9d8a3b6c07f2b188c62b88df3d554a84e2cd89af"},
    {file = "capstone-5.0.1-py3-none-win_amd64.whl", hash = "sha256:1bfa5c81e6880caf41a31946cd6d2d069c048bcc22edf121254b501a048de675"},
    {file = "capstone-5.0.1.tar.gz", hash = "sha256:740afacc29861db591316beefe30df382c4da08dcb0345a0d10f0cac4f8b1ee2"},
]

[metadata]
lock-version = "2.0"
python-versions = ">=3.7"
content-hash = "2638425920d05fcb6a6be9debd71a5ccd97831d54c3e358bf9f07b6d5f6229d1"
