# This file is automatically @generated by Poetry 1.8.3 and should not be changed by hand.

[[package]]
name = "capstone"
version = "5.0.3"
description = "Capstone disassembly engine"
optional = false
python-versions = ">=3.8"
files = [
    {file = "capstone-5.0.3-py3-none-macosx_10_9_universal2.whl", hash = "sha256:5dc6b5f4d85a2ba2330473529d7b4faccd71470b489fd19a539c20b74f3c9924"},
    {file = "capstone-5.0.3-py3-none-macosx_10_9_x86_64.whl", hash = "sha256:5917b00ddb0b3a665bcb7a623ee08bcaf4ddec783c5d2ca69f72278d6de38d2c"},
    {file = "capstone-5.0.3-py3-none-macosx_11_0_arm64.whl", hash = "sha256:76658b66a5f0275c942cd4daf35dca7520387689f588f127020c9130d76c4ddf"},
    {file = "capstone-5.0.3-py3-none-manylinux_2_17_aarch64.manylinux2014_aarch64.whl", hash = "sha256:237fef7e20906bad09286554c7f8a5a744adeec4d658c5e33938bf9241b5f076"},
    {file = "capstone-5.0.3-py3-none-manylinux_2_17_x86_64.manylinux2014_x86_64.whl", hash = "sha256:a6b7f3ec2346a60475d9d043b437ace5e6688fc9c4d45387476104bd2c231040"},
    {file = "capstone-5.0.3-py3-none-manylinux_2_5_i686.manylinux1_i686.manylinux_2_17_i686.manylinux2014_i686.whl", hash = "sha256:1f25e23052d5fa5b6709f7111d7f1250131fb5dac878b8249a4637e6ab953129"},
    {file = "capstone-5.0.3-py3-none-musllinux_1_2_aarch64.whl", hash = "sha256:aebb35f0cfb808aac24d2e3c745be43bcedbb863ecb0192d720faa8002983544"},
    {file = "capstone-5.0.3-py3-none-musllinux_1_2_i686.whl", hash = "sha256:8d45fdf4ae11197234eedbd81742bd4650924f9bb3abee0b238ea63dad8001cc"},
    {file = "capstone-5.0.3-py3-none-musllinux_1_2_x86_64.whl", hash = "sha256:63e8544d7500b889a5feb6f7c9a939723663107dd3360ad18f36a3f6985cfd26"},
    {file = "capstone-5.0.3-py3-none-win_amd64.whl", hash = "sha256:21d00dce9dc204a22126fe6f45a8894d03a6607182bc86f14fc9bd1d1d3897ed"},
    {file = "capstone-5.0.3.tar.gz", hash = "sha256:1f15616c0528f5268f2dc0a81708483e605ce71961b02a01a791230b51fe862d"},
]

[metadata]
lock-version = "2.0"
python-versions = ">=3.11"
content-hash = "e0b0658ac883c0bc092174b4179502c2f9ef1db14dd7bf8c3fa8118d16daf99a"
